github.com/aquasecurity/libbpfgo v0.1.1 h1:j/ipxI/l20lu5Tosn0o9JYj7bD3Cwzi18jIEEu3rMvQ=
github.com/aquasecurity/libbpfgo v0.1.1/go.mod h1:/+clceXE103FaXvVTIY2HAkQjxNtkra4DRWvZYr2SKw=
github.com/aquasecurity/libbpfgo v0.2.2-libbpf-0.5.0 h1:Qecy9Qvj4TG0LK7sfuJWzd1QlwMozHo7H0AyZMGjLg8=
github.com/aquasecurity/libbpfgo v0.2.2-libbpf-0.5.0/go.mod h1:/+clceXE103FaXvVTIY2HAkQjxNtkra4DRWvZYr2SKw=
github.com/aquasecurity/libbpfgo v0.2.5-libbpf-0.7.0 h1:BpW7qxkveYXx8TCtvYWIvmliPqaTCz/IYs1i+Gyj0MQ=
github.com/aquasecurity/libbpfgo v0.2.5-libbpf-0.7.0/go.mod h1:/+clceXE103FaXvVTIY2HAkQjxNtkra4DRWvZYr2SKw=
github.com/aquasecurity/libbpfgo v0.4.0-libbpf-1.0.0 h1:WHKqRRCVhEI5CG/2gqKhTZ494QeriVe/cuQrpkHzTAk=
github.com/aquasecurity/libbpfgo v0.4.0-libbpf-1.0.0/go.mod h1:qu0TVGRvtNMFkuKLscJkY1FwmageNBLqeImAFslqPPc=
github.com/aquasecurity/libbpfgo v0.4.4-libbpf-1.0.1 h1:cjdRq/YhQ5ZVU0jm6H3VXVcHgMzAAslrlexPq8acgSk=
github.com/aquasecurity/libbpfgo v0.4.4-libbpf-1.0.1/go.mod h1:v+Nk+v6BtHLfdT4kVdsp+fYt4AeUa3cIG2P0y+nBuuY=
github.com/aquasecurity/libbpfgo v0.4.5-libbpf-1.0.1 h1:Et7WT8CEpaO03v7FIVk85GMRRbwjF7sgoBgQhH5T30k=
github.com/aquasecurity/libbpfgo v0.4.5-libbpf-1.0.1/go.mod h1:v+Nk+v6BtHLfdT4kVdsp+fYt4AeUa3cIG2P0y+nBuuY=
github.com/aquasecurity/libbpfgo v0.4.6-libbpf-1.1.0 h1:b4RQasaC8u+zvCFJO6z4e+XoDJ3XEwxcMSdrbT1GFnk=
github.com/aquasecurity/libbpfgo v0.4.6-libbpf-1.1.0/go.mod h1:v+Nk+v6BtHLfdT4kVdsp+fYt4AeUa3cIG2P0y+nBuuY=
github.com/aquasecurity/libbpfgo v0.4.8-libbpf-1.2.0 h1:EHEt0EborDDPU0Bn84kkzaGUA+u3alWynjIfSJDCpcw=
github.com/aquasecurity/libbpfgo v0.4.8-libbpf-1.2.0/go.mod h1:UD3Mfr+JZ/ASK2VMucI/zAdEhb35LtvYXvAUdrdqE9s=
github.com/davecgh/go-spew v1.1.0 h1:ZDRjVQ15GmhC3fiQ8ni8+OwkZQO4DARzQgrnXU1Liz8=
github.com/davecgh/go-spew v1.1.0/go.mod h1:J7Y8YcW2NihsgmVo/mv3lAwl/skON4iLHjSsI+c5H38=
github.com/guptarohit/asciigraph v0.5.5 h1:ccFnUF8xYIOUPPY3tmdvRyHqmn1MYI9iv1pLKX+/ZkQ=
github.com/guptarohit/asciigraph v0.5.5/go.mod h1:dYl5wwK4gNsnFf9Zp+l06rFiDZ5YtXM6x7SRWZ3KGag=
github.com/pmezard/go-difflib v1.0.0 h1:4DBwDE0NGyQoBHbLQYPwSUPoCMWR5BEzIk/f1lZbAQM=
github.com/pmezard/go-difflib v1.0.0/go.mod h1:iKH77koFhYxTK1pcRnkKkqfTogsbg7gZNVY4sRDYZ/4=
github.com/stretchr/objx v0.1.0/go.mod h1:HFkY916IF+rwdDfMAkV7OtwuqBVzrE8GR6GFx+wExME=
github.com/stretchr/testify v1.7.0 h1:nwc3DEeHmmLAfoZucVR881uASk0Mfjw8xYJ99tb5CcY=
github.com/stretchr/testify v1.7.0/go.mod h1:6Fq8oRcR53rry900zMqJjRRixrwX3KX962/h/Wwjteg=
github.com/stretchr/testify v1.8.2 h1:+h33VjcLVPDHtOdpUCuF+7gSuG3yGIftsP1YvFihtJ8=
golang.org/x/sys v0.0.0-20210514084401-e8d321eab015 h1:hZR0X1kPW+nwyJ9xRxqZk1vx5RUObAPBdKVvXPDUH/E=
golang.org/x/sys v0.0.0-20210514084401-e8d321eab015/go.mod h1:oPkhp1MJrh7nUepCBck5+mAzfO9JrbApNNgaTdGDITg=
gopkg.in/check.v1 v0.0.0-20161208181325-20d25e280405/go.mod h1:Co6ibVJAznAaIkqp8huTwlJQCZ016jof/cbN4VW5Yz0=
gopkg.in/yaml.v3 v3.0.0-20200313102051-9f266ea9e77c h1:dUUwHk2QECo/6vqA44rthZ8ie2QXMNeKRTHCNY2nXvo=
gopkg.in/yaml.v3 v3.0.0-20200313102051-9f266ea9e77c/go.mod h1:K4uyk7z7BCEPqu6E+C64Yfv1cQ7kz7rIZviUmN+EgEM=
